
Microsoft Visual Studio Solution File, Format Version 12.00
# Visual Studio Version 17
VisualStudioVersion = 17.0.31903.59
MinimumVisualStudioVersion = 10.0.40219.1
Project("{2150E333-8FDC-42A3-9474-1A3956D46DE8}") = "backend", "backend", "{1AE8ACA6-933B-BF2A-3671-3E2EAC007D16}"
EndProject
Project("{2150E333-8FDC-42A3-9474-1A3956D46DE8}") = "src", "src", "{0F9113EE-888A-26D2-68B0-4A7D0A2A8745}"
EndProject
Project("{FAE04EC0-301F-11D3-BF4B-00C04F79EFBC}") = "Company.Scheduling.Api", "backend\src\Company.Scheduling.Api\Company.Scheduling.Api.csproj", "{5F2F0425-999F-4C98-8B05-9429FC298298}"
EndProject
Project("{FAE04EC0-301F-11D3-BF4B-00C04F79EFBC}") = "Company.Scheduling.Application", "backend\src\Company.Scheduling.Application\Company.Scheduling.Application.csproj", "{F40D7BBD-CE3A-4CA8-B5B2-588AD762AB80}"
EndProject
Project("{FAE04EC0-301F-11D3-BF4B-00C04F79EFBC}") = "Company.Scheduling.Domain", "backend\src\Company.Scheduling.Domain\Company.Scheduling.Domain.csproj", "{80885E57-741C-4DFF-B9D2-6079F3234C8A}"
EndProject
Project("{FAE04EC0-301F-11D3-BF4B-00C04F79EFBC}") = "Company.Scheduling.Infrastructure", "backend\src\Company.Scheduling.Infrastructure\Company.Scheduling.Infrastructure.csproj", "{83E4598E-8D75-476C-82D8-8511DC537110}"
EndProject
Global
	GlobalSection(SolutionConfigurationPlatforms) = preSolution
		Debug|Any CPU = Debug|Any CPU
		Debug|x64 = Debug|x64
		Debug|x86 = Debug|x86
		Release|Any CPU = Release|Any CPU
		Release|x64 = Release|x64
		Release|x86 = Release|x86
	EndGlobalSection
	GlobalSection(ProjectConfigurationPlatforms) = postSolution
		{5F2F0425-999F-4C98-8B05-9429FC298298}.Debug|Any CPU.ActiveCfg = Debug|Any CPU
		{5F2F0425-999F-4C98-8B05-9429FC298298}.Debug|Any CPU.Build.0 = Debug|Any CPU
		{5F2F0425-999F-4C98-8B05-9429FC298298}.Debug|x64.ActiveCfg = Debug|Any CPU
		{5F2F0425-999F-4C98-8B05-9429FC298298}.Debug|x64.Build.0 = Debug|Any CPU
		{5F2F0425-999F-4C98-8B05-9429FC298298}.Debug|x86.ActiveCfg = Debug|Any CPU
		{5F2F0425-999F-4C98-8B05-9429FC298298}.Debug|x86.Build.0 = Debug|Any CPU
		{5F2F0425-999F-4C98-8B05-9429FC298298}.Release|Any CPU.ActiveCfg = Release|Any CPU
		{5F2F0425-999F-4C98-8B05-9429FC298298}.Release|Any CPU.Build.0 = Release|Any CPU
		{5F2F0425-999F-4C98-8B05-9429FC298298}.Release|x64.ActiveCfg = Release|Any CPU
		{5F2F0425-999F-4C98-8B05-9429FC298298}.Release|x64.Build.0 = Release|Any CPU
		{5F2F0425-999F-4C98-8B05-9429FC298298}.Release|x86.ActiveCfg = Release|Any CPU
		{5F2F0425-999F-4C98-8B05-9429FC298298}.Release|x86.Build.0 = Release|Any CPU
		{F40D7BBD-CE3A-4CA8-B5B2-588AD762AB80}.Debug|Any CPU.ActiveCfg = Debug|Any CPU
		{F40D7BBD-CE3A-4CA8-B5B2-588AD762AB80}.Debug|Any CPU.Build.0 = Debug|Any CPU
		{F40D7BBD-CE3A-4CA8-B5B2-588AD762AB80}.Debug|x64.ActiveCfg = Debug|Any CPU
		{F40D7BBD-CE3A-4CA8-B5B2-588AD762AB80}.Debug|x64.Build.0 = Debug|Any CPU
		{F40D7BBD-CE3A-4CA8-B5B2-588AD762AB80}.Debug|x86.ActiveCfg = Debug|Any CPU
		{F40D7BBD-CE3A-4CA8-B5B2-588AD762AB80}.Debug|x86.Build.0 = Debug|Any CPU
		{F40D7BBD-CE3A-4CA8-B5B2-588AD762AB80}.Release|Any CPU.ActiveCfg = Release|Any CPU
		{F40D7BBD-CE3A-4CA8-B5B2-588AD762AB80}.Release|Any CPU.Build.0 = Release|Any CPU
		{F40D7BBD-CE3A-4CA8-B5B2-588AD762AB80}.Release|x64.ActiveCfg = Release|Any CPU
		{F40D7BBD-CE3A-4CA8-B5B2-588AD762AB80}.Release|x64.Build.0 = Release|Any CPU
		{F40D7BBD-CE3A-4CA8-B5B2-588AD762AB80}.Release|x86.ActiveCfg = Release|Any CPU
		{F40D7BBD-CE3A-4CA8-B5B2-588AD762AB80}.Release|x86.Build.0 = Release|Any CPU
		{80885E57-741C-4DFF-B9D2-6079F3234C8A}.Debug|Any CPU.ActiveCfg = Debug|Any CPU
		{80885E57-741C-4DFF-B9D2-6079F3234C8A}.Debug|Any CPU.Build.0 = Debug|Any CPU
		{80885E57-741C-4DFF-B9D2-6079F3234C8A}.Debug|x64.ActiveCfg = Debug|Any CPU
		{80885E57-741C-4DFF-B9D2-6079F3234C8A}.Debug|x64.Build.0 = Debug|Any CPU
		{80885E57-741C-4DFF-B9D2-6079F3234C8A}.Debug|x86.ActiveCfg = Debug|Any CPU
		{80885E57-741C-4DFF-B9D2-6079F3234C8A}.Debug|x86.Build.0 = Debug|Any CPU
		{80885E57-741C-4DFF-B9D2-6079F3234C8A}.Release|Any CPU.ActiveCfg = Release|Any CPU
		{80885E57-741C-4DFF-B9D2-6079F3234C8A}.Release|Any CPU.Build.0 = Release|Any CPU
		{80885E57-741C-4DFF-B9D2-6079F3234C8A}.Release|x64.ActiveCfg = Release|Any CPU
		{80885E57-741C-4DFF-B9D2-6079F3234C8A}.Release|x64.Build.0 = Release|Any CPU
		{80885E57-741C-4DFF-B9D2-6079F3234C8A}.Release|x86.ActiveCfg = Release|Any CPU
		{80885E57-741C-4DFF-B9D2-6079F3234C8A}.Release|x86.Build.0 = Release|Any CPU
		{83E4598E-8D75-476C-82D8-8511DC537110}.Debug|Any CPU.ActiveCfg = Debug|Any CPU
		{83E4598E-8D75-476C-82D8-8511DC537110}.Debug|Any CPU.Build.0 = Debug|Any CPU
		{83E4598E-8D75-476C-82D8-8511DC537110}.Debug|x64.ActiveCfg = Debug|Any CPU
		{83E4598E-8D75-476C-82D8-8511DC537110}.Debug|x64.Build.0 = Debug|Any CPU
		{83E4598E-8D75-476C-82D8-8511DC537110}.Debug|x86.ActiveCfg = Debug|Any CPU
		{83E4598E-8D75-476C-82D8-8511DC537110}.Debug|x86.Build.0 = Debug|Any CPU
		{83E4598E-8D75-476C-82D8-8511DC537110}.Release|Any CPU.ActiveCfg = Release|Any CPU
		{83E4598E-8D75-476C-82D8-8511DC537110}.Release|Any CPU.Build.0 = Release|Any CPU
		{83E4598E-8D75-476C-82D8-8511DC537110}.Release|x64.ActiveCfg = Release|Any CPU
		{83E4598E-8D75-476C-82D8-8511DC537110}.Release|x64.Build.0 = Release|Any CPU
		{83E4598E-8D75-476C-82D8-8511DC537110}.Release|x86.ActiveCfg = Release|Any CPU
		{83E4598E-8D75-476C-82D8-8511DC537110}.Release|x86.Build.0 = Release|Any CPU
	EndGlobalSection
	GlobalSection(SolutionProperties) = preSolution
		HideSolutionNode = FALSE
	EndGlobalSection
	GlobalSection(NestedProjects) = preSolution
		{0F9113EE-888A-26D2-68B0-4A7D0A2A8745} = {1AE8ACA6-933B-BF2A-3671-3E2EAC007D16}
		{5F2F0425-999F-4C98-8B05-9429FC298298} = {0F9113EE-888A-26D2-68B0-4A7D0A2A8745}
		{F40D7BBD-CE3A-4CA8-B5B2-588AD762AB80} = {0F9113EE-888A-26D2-68B0-4A7D0A2A8745}
		{80885E57-741C-4DFF-B9D2-6079F3234C8A} = {0F9113EE-888A-26D2-68B0-4A7D0A2A8745}
		{83E4598E-8D75-476C-82D8-8511DC537110} = {0F9113EE-888A-26D2-68B0-4A7D0A2A8745}
	EndGlobalSection
EndGlobal
